// !$*UTF8*$!
{
	archiveVersion = 1;
	classes = {
	};
	objectVersion = 50;
	objects = {

/* Begin PBXBuildFile section */
		18A37B8627243F3500945A83 /* AppDelegate.swift in Sources */ = {isa = PBXBuildFile; fileRef = 18A37B8527243F3500945A83 /* AppDelegate.swift */; };
		18A37B8827243F3500945A83 /* SceneDelegate.swift in Sources */ = {isa = PBXBuildFile; fileRef = 18A37B8727243F3500945A83 /* SceneDelegate.swift */; };
		18A37B8A27243F3500945A83 /* ViewController.swift in Sources */ = {isa = PBXBuildFile; fileRef = 18A37B8927243F3500945A83 /* ViewController.swift */; };
		18A37B8D27243F3500945A83 /* Main.storyboard in Resources */ = {isa = PBXBuildFile; fileRef = 18A37B8B27243F3500945A83 /* Main.storyboard */; };
		18A37B8F27243F3500945A83 /* Assets.xcassets in Resources */ = {isa = PBXBuildFile; fileRef = 18A37B8E27243F3500945A83 /* Assets.xcassets */; };
		18A37B9227243F3500945A83 /* LaunchScreen.storyboard in Resources */ = {isa = PBXBuildFile; fileRef = 18A37B9027243F3500945A83 /* LaunchScreen.storyboard */; };
		A272EBBE27245E45004B7C4D /* QuestionModel.swift in Sources */ = {isa = PBXBuildFile; fileRef = A272EBBD27245E45004B7C4D /* QuestionModel.swift */; };
		A272EBC0272461A0004B7C4D /* ViewModel.swift in Sources */ = {isa = PBXBuildFile; fileRef = A272EBBF272461A0004B7C4D /* ViewModel.swift */; };
		A272EBC42724A3F8004B7C4D /* clap.wav in Resources */ = {isa = PBXBuildFile; fileRef = A272EBC32724A3F8004B7C4D /* clap.wav */; };
/* End PBXBuildFile section */

/* Begin PBXFileReference section */
		18A37B8227243F3500945A83 /* TriviaMultipleChoice"NadaAbdullahALblawi".app */ = {isa = PBXFileReference; explicitFileType = wrapper.application; includeInIndex = 0; path = "TriviaMultipleChoice\"NadaAbdullahALblawi\".app"; sourceTree = BUILT_PRODUCTS_DIR; };
		18A37B8527243F3500945A83 /* AppDelegate.swift */ = {isa = PBXFileReference; lastKnownFileType = sourcecode.swift; path = AppDelegate.swift; sourceTree = "<group>"; };
		18A37B8727243F3500945A83 /* SceneDelegate.swift */ = {isa = PBXFileReference; lastKnownFileType = sourcecode.swift; path = SceneDelegate.swift; sourceTree = "<group>"; };
		18A37B8927243F3500945A83 /* ViewController.swift */ = {isa = PBXFileReference; lastKnownFileType = sourcecode.swift; path = ViewController.swift; sourceTree = "<group>"; };
		18A37B8C27243F3500945A83 /* Base */ = {isa = PBXFileReference; lastKnownFileType = file.storyboard; name = Base; path = Base.lproj/Main.storyboard; sourceTree = "<group>"; };
		18A37B8E27243F3500945A83 /* Assets.xcassets */ = {isa = PBXFileReference; lastKnownFileType = folder.assetcatalog; path = Assets.xcassets; sourceTree = "<group>"; };
		18A37B9127243F3500945A83 /* Base */ = {isa = PBXFileReference; lastKnownFileType = file.storyboard; name = Base; path = Base.lproj/LaunchScreen.storyboard; sourceTree = "<group>"; };
		18A37B9327243F3500945A83 /* Info.plist */ = {isa = PBXFileReference; lastKnownFileType = text.plist.xml; path = Info.plist; sourceTree = "<group>"; };
		A272EBBD27245E45004B7C4D /* QuestionModel.swift */ = {isa = PBXFileReference; lastKnownFileType = sourcecode.swift; path = QuestionModel.swift; sourceTree = "<group>"; };
		A272EBBF272461A0004B7C4D /* ViewModel.swift */ = {isa = PBXFileReference; lastKnownFileType = sourcecode.swift; path = ViewModel.swift; sourceTree = "<group>"; };
		A272EBC32724A3F8004B7C4D /* clap.wav */ = {isa = PBXFileReference; lastKnownFileType = audio.wav; path = clap.wav; sourceTree = "<group>"; };
/* End PBXFileReference section */

/* Begin PBXFrameworksBuildPhase section */
		18A37B7F27243F3500945A83 /* Frameworks */ = {
			isa = PBXFrameworksBuildPhase;
			buildActionMask = 2147483647;
			files = (
			);
			runOnlyForDeploymentPostprocessing = 0;
		};
/* End PBXFrameworksBuildPhase section */

/* Begin PBXGroup section */
		18A37B7927243F3500945A83 = {
			isa = PBXGroup;
			children = (
				18A37B8427243F3500945A83 /* TriviaMultipleChoice"NadaAbdullahALblawi" */,
				18A37B8327243F3500945A83 /* Products */,
			);
			sourceTree = "<group>";
		};
		18A37B8327243F3500945A83 /* Products */ = {
			isa = PBXGroup;
			children = (
				18A37B8227243F3500945A83 /* TriviaMultipleChoice"NadaAbdullahALblawi".app */,
			);
			name = Products;
			sourceTree = "<group>";
		};
		18A37B8427243F3500945A83 /* TriviaMultipleChoice"NadaAbdullahALblawi" */ = {
			isa = PBXGroup;
			children = (
				A272EBBC27245E36004B7C4D /* Model */,
				A272EBBF272461A0004B7C4D /* ViewModel.swift */,
				18A37B8527243F3500945A83 /* AppDelegate.swift */,
				18A37B8727243F3500945A83 /* SceneDelegate.swift */,
				18A37B8927243F3500945A83 /* ViewController.swift */,
				A272EBC32724A3F8004B7C4D /* clap.wav */,
				18A37B8B27243F3500945A83 /* Main.storyboard */,
				18A37B8E27243F3500945A83 /* Assets.xcassets */,
				18A37B9027243F3500945A83 /* LaunchScreen.storyboard */,
				18A37B9327243F3500945A83 /* Info.plist */,
			);
			path = "TriviaMultipleChoice\"NadaAbdullahALblawi\"";
			sourceTree = "<group>";
		};
		A272EBBC27245E36004B7C4D /* Model */ = {
			isa = PBXGroup;
			children = (
				A272EBBD27245E45004B7C4D /* QuestionModel.swift */,
			);
			path = Model;
			sourceTree = "<group>";
		};
/* End PBXGroup section */

/* Begin PBXNativeTarget section */
		18A37B8127243F3500945A83 /* TriviaMultipleChoice"NadaAbdullahALblawi" */ = {
			isa = PBXNativeTarget;
			buildConfigurationList = 18A37B9627243F3500945A83 /* Build configuration list for PBXNativeTarget "TriviaMultipleChoice"NadaAbdullahALblawi"" */;
			buildPhases = (
				18A37B7E27243F3500945A83 /* Sources */,
				18A37B7F27243F3500945A83 /* Frameworks */,
				18A37B8027243F3500945A83 /* Resources */,
			);
			buildRules = (
			);
			dependencies = (
			);
			name = "TriviaMultipleChoice\"NadaAbdullahALblawi\"";
			productName = "TriviaMultipleChoice\"NadaAbdullahALblawi\"";
			productReference = 18A37B8227243F3500945A83 /* TriviaMultipleChoice"NadaAbdullahALblawi".app */;
			productType = "com.apple.product-type.application";
		};
/* End PBXNativeTarget section */

/* Begin PBXProject section */
		18A37B7A27243F3500945A83 /* Project object */ = {
			isa = PBXProject;
			attributes = {
				LastSwiftUpdateCheck = 1250;
				LastUpgradeCheck = 1250;
				TargetAttributes = {
					18A37B8127243F3500945A83 = {
						CreatedOnToolsVersion = 12.5;
					};
				};
			};
			buildConfigurationList = 18A37B7D27243F3500945A83 /* Build configuration list for PBXProject "TriviaMultipleChoice"NadaAbdullahALblawi"" */;
			compatibilityVersion = "Xcode 9.3";
			developmentRegion = en;
			hasScannedForEncodings = 0;
			knownRegions = (
				en,
				Base,
			);
			mainGroup = 18A37B7927243F3500945A83;
			productRefGroup = 18A37B8327243F3500945A83 /* Products */;
			projectDirPath = "";
			projectRoot = "";
			targets = (
				18A37B8127243F3500945A83 /* TriviaMultipleChoice"NadaAbdullahALblawi" */,
			);
		};
/* End PBXProject section */

/* Begin PBXResourcesBuildPhase section */
		18A37B8027243F3500945A83 /* Resources */ = {
			isa = PBXResourcesBuildPhase;
			buildActionMask = 2147483647;
			files = (
				A272EBC42724A3F8004B7C4D /* clap.wav in Resources */,
				18A37B9227243F3500945A83 /* LaunchScreen.storyboard in Resources */,
				18A37B8F27243F3500945A83 /* Assets.xcassets in Resources */,
				18A37B8D27243F3500945A83 /* Main.storyboard in Resources */,
			);
			runOnlyForDeploymentPostprocessing = 0;
		};
/* End PBXResourcesBuildPhase section */

/* Begin PBXSourcesBuildPhase section */
		18A37B7E27243F3500945A83 /* Sources */ = {
			isa = PBXSourcesBuildPhase;
			buildActionMask = 2147483647;
			files = (
				A272EBC0272461A0004B7C4D /* ViewModel.swift in Sources */,
				18A37B8A27243F3500945A83 /* ViewController.swift in Sources */,
				A272EBBE27245E45004B7C4D /* QuestionModel.swift in Sources */,
				18A37B8627243F3500945A83 /* AppDelegate.swift in Sources */,
				18A37B8827243F3500945A83 /* SceneDelegate.swift in Sources */,
			);
			runOnlyForDeploymentPostprocessing = 0;
		};
/* End PBXSourcesBuildPhase section */

/* Begin PBXVariantGroup section */
		18A37B8B27243F3500945A83 /* Main.storyboard */ = {
			isa = PBXVariantGroup;
			children = (
				18A37B8C27243F3500945A83 /* Base */,
			);
			name = Main.storyboard;
			sourceTree = "<group>";
		};
		18A37B9027243F3500945A83 /* LaunchScreen.storyboard */ = {
			isa = PBXVariantGroup;
			children = (
				18A37B9127243F3500945A83 /* Base */,
			);
			name = LaunchScreen.storyboard;
			sourceTree = "<group>";
		};
/* End PBXVariantGroup section */

/* Begin XCBuildConfiguration section */
		18A37B9427243F3500945A83 /* Debug */ = {
			isa = XCBuildConfiguration;
			buildSettings = {
				ALWAYS_SEARCH_USER_PATHS = NO;
				CLANG_ANALYZER_NONNULL = YES;
				CLANG_ANALYZER_NUMBER_OBJECT_CONVERSION = YES_AGGRESSIVE;
				CLANG_CXX_LANGUAGE_STANDARD = "gnu++14";
				CLANG_CXX_LIBRARY = "libc++";
				CLANG_ENABLE_MODULES = YES;
				CLANG_ENABLE_OBJC_ARC = YES;
				CLANG_ENABLE_OBJC_WEAK = YES;
				CLANG_WARN_BLOCK_CAPTURE_AUTORELEASING = YES;
				CLANG_WARN_BOOL_CONVERSION = YES;
				CLANG_WARN_COMMA = YES;
				CLANG_WARN_CONSTANT_CONVERSION = YES;
				CLANG_WARN_DEPRECATED_OBJC_IMPLEMENTATIONS = YES;
				CLANG_WARN_DIRECT_OBJC_ISA_USAGE = YES_ERROR;
				CLANG_WARN_DOCUMENTATION_COMMENTS = YES;
				CLANG_WARN_EMPTY_BODY = YES;
				CLANG_WARN_ENUM_CONVERSION = YES;
				CLANG_WARN_INFINITE_RECURSION = YES;
				CLANG_WARN_INT_CONVERSION = YES;
				CLANG_WARN_NON_LITERAL_NULL_CONVERSION = YES;
				CLANG_WARN_OBJC_IMPLICIT_RETAIN_SELF = YES;
				CLANG_WARN_OBJC_LITERAL_CONVERSION = YES;
				CLANG_WARN_OBJC_ROOT_CLASS = YES_ERROR;
				CLANG_WARN_QUOTED_INCLUDE_IN_FRAMEWORK_HEADER = YES;
				CLANG_WARN_RANGE_LOOP_ANALYSIS = YES;
				CLANG_WARN_STRICT_PROTOTYPES = YES;
				CLANG_WARN_SUSPICIOUS_MOVE = YES;
				CLANG_WARN_UNGUARDED_AVAILABILITY = YES_AGGRESSIVE;
				CLANG_WARN_UNREACHABLE_CODE = YES;
				CLANG_WARN__DUPLICATE_METHOD_MATCH = YES;
				COPY_PHASE_STRIP = NO;
				DEBUG_INFORMATION_FORMAT = dwarf;
				ENABLE_STRICT_OBJC_MSGSEND = YES;
				ENABLE_TESTABILITY = YES;
				GCC_C_LANGUAGE_STANDARD = gnu11;
				GCC_DYNAMIC_NO_PIC = NO;
				GCC_NO_COMMON_BLOCKS = YES;
				GCC_OPTIMIZATION_LEVEL = 0;
				GCC_PREPROCESSOR_DEFINITIONS = (
					"DEBUG=1",
					"$(inherited)",
				);
				GCC_WARN_64_TO_32_BIT_CONVERSION = YES;
				GCC_WARN_ABOUT_RETURN_TYPE = YES_ERROR;
				GCC_WARN_UNDECLARED_SELECTOR = YES;
				GCC_WARN_UNINITIALIZED_AUTOS = YES_AGGRESSIVE;
				GCC_WARN_UNUSED_FUNCTION = YES;
				GCC_WARN_UNUSED_VARIABLE = YES;
				IPHONEOS_DEPLOYMENT_TARGET = 14.5;
				MTL_ENABLE_DEBUG_INFO = INCLUDE_SOURCE;
				MTL_FAST_MATH = YES;
				ONLY_ACTIVE_ARCH = YES;
				SDKROOT = iphoneos;
				SWIFT_ACTIVE_COMPILATION_CONDITIONS = DEBUG;
				SWIFT_OPTIMIZATION_LEVEL = "-Onone";
			};
			name = Debug;
		};
		18A37B9527243F3500945A83 /* Release */ = {
			isa = XCBuildConfiguration;
			buildSettings = {
				ALWAYS_SEARCH_USER_PATHS = NO;
				CLANG_ANALYZER_NONNULL = YES;
				CLANG_ANALYZER_NUMBER_OBJECT_CONVERSION = YES_AGGRESSIVE;
				CLANG_CXX_LANGUAGE_STANDARD = "gnu++14";
				CLANG_CXX_LIBRARY = "libc++";
				CLANG_ENABLE_MODULES = YES;
				CLANG_ENABLE_OBJC_ARC = YES;
				CLANG_ENABLE_OBJC_WEAK = YES;
				CLANG_WARN_BLOCK_CAPTURE_AUTORELEASING = YES;
				CLANG_WARN_BOOL_CONVERSION = YES;
				CLANG_WARN_COMMA = YES;
				CLANG_WARN_CONSTANT_CONVERSION = YES;
				CLANG_WARN_DEPRECATED_OBJC_IMPLEMENTATIONS = YES;
				CLANG_WARN_DIRECT_OBJC_ISA_USAGE = YES_ERROR;
				CLANG_WARN_DOCUMENTATION_COMMENTS = YES;
				CLANG_WARN_EMPTY_BODY = YES;
				CLANG_WARN_ENUM_CONVERSION = YES;
				CLANG_WARN_INFINITE_RECURSION = YES;
				CLANG_WARN_INT_CONVERSION = YES;
				CLANG_WARN_NON_LITERAL_NULL_CONVERSION = YES;
				CLANG_WARN_OBJC_IMPLICIT_RETAIN_SELF = YES;
				CLANG_WARN_OBJC_LITERAL_CONVERSION = YES;
				CLANG_WARN_OBJC_ROOT_CLASS = YES_ERROR;
				CLANG_WARN_QUOTED_INCLUDE_IN_FRAMEWORK_HEADER = YES;
				CLANG_WARN_RANGE_LOOP_ANALYSIS = YES;
				CLANG_WARN_STRICT_PROTOTYPES = YES;
				CLANG_WARN_SUSPICIOUS_MOVE = YES;
				CLANG_WARN_UNGUARDED_AVAILABILITY = YES_AGGRESSIVE;
				CLANG_WARN_UNREACHABLE_CODE = YES;
				CLANG_WARN__DUPLICATE_METHOD_MATCH = YES;
				COPY_PHASE_STRIP = NO;
				DEBUG_INFORMATION_FORMAT = "dwarf-with-dsym";
				ENABLE_NS_ASSERTIONS = NO;
				ENABLE_STRICT_OBJC_MSGSEND = YES;
				GCC_C_LANGUAGE_STANDARD = gnu11;
				GCC_NO_COMMON_BLOCKS = YES;
				GCC_WARN_64_TO_32_BIT_CONVERSION = YES;
				GCC_WARN_ABOUT_RETURN_TYPE = YES_ERROR;
				GCC_WARN_UNDECLARED_SELECTOR = YES;
				GCC_WARN_UNINITIALIZED_AUTOS = YES_AGGRESSIVE;
				GCC_WARN_UNUSED_FUNCTION = YES;
				GCC_WARN_UNUSED_VARIABLE = YES;
				IPHONEOS_DEPLOYMENT_TARGET = 14.5;
				MTL_ENABLE_DEBUG_INFO = NO;
				MTL_FAST_MATH = YES;
				SDKROOT = iphoneos;
				SWIFT_COMPILATION_MODE = wholemodule;
				SWIFT_OPTIMIZATION_LEVEL = "-O";
				VALIDATE_PRODUCT = YES;
			};
			name = Release;
		};
		18A37B9727243F3500945A83 /* Debug */ = {
			isa = XCBuildConfiguration;
			buildSettings = {
				ASSETCATALOG_COMPILER_APPICON_NAME = AppIcon;
				ASSETCATALOG_COMPILER_GLOBAL_ACCENT_COLOR_NAME = AccentColor;
				CODE_SIGN_STYLE = Automatic;
				INFOPLIST_FILE = "TriviaMultipleChoice\"NadaAbdullahALblawi\"/Info.plist";
				IPHONEOS_DEPLOYMENT_TARGET = 14.5;
				LD_RUNPATH_SEARCH_PATHS = (
					"$(inherited)",
					"@executable_path/Frameworks",
				);
				PRODUCT_BUNDLE_IDENTIFIER = "com.nadaalbalawi.TriviaMultipleChoice-NadaAbdullahALblawi-";
				PRODUCT_NAME = "$(TARGET_NAME)";
				SWIFT_VERSION = 5.0;
				TARGETED_DEVICE_FAMILY = "1,2";
			};
			name = Debug;
		};
		18A37B9827243F3500945A83 /* Release */ = {
			isa = XCBuildConfiguration;
			buildSettings = {
				ASSETCATALOG_COMPILER_APPICON_NAME = AppIcon;
				ASSETCATALOG_COMPILER_GLOBAL_ACCENT_COLOR_NAME = AccentColor;
				CODE_SIGN_STYLE = Automatic;
				INFOPLIST_FILE = "TriviaMultipleChoice\"NadaAbdullahALblawi\"/Info.plist";
				IPHONEOS_DEPLOYMENT_TARGET = 14.5;
				LD_RUNPATH_SEARCH_PATHS = (
					"$(inherited)",
					"@executable_path/Frameworks",
				);
				PRODUCT_BUNDLE_IDENTIFIER = "com.nadaalbalawi.TriviaMultipleChoice-NadaAbdullahALblawi-";
				PRODUCT_NAME = "$(TARGET_NAME)";
				SWIFT_VERSION = 5.0;
				TARGETED_DEVICE_FAMILY = "1,2";
			};
			name = Release;
		};
/* End XCBuildConfiguration section */

/* Begin XCConfigurationList section */
		18A37B7D27243F3500945A83 /* Build configuration list for PBXProject "TriviaMultipleChoice"NadaAbdullahALblawi"" */ = {
			isa = XCConfigurationList;
			buildConfigurations = (
				18A37B9427243F3500945A83 /* Debug */,
				18A37B9527243F3500945A83 /* Release */,
			);
			defaultConfigurationIsVisible = 0;
			defaultConfigurationName = Release;
		};
		18A37B9627243F3500945A83 /* Build configuration list for PBXNativeTarget "TriviaMultipleChoice"NadaAbdullahALblawi"" */ = {
			isa = XCConfigurationList;
			buildConfigurations = (
				18A37B9727243F3500945A83 /* Debug */,
				18A37B9827243F3500945A83 /* Release */,
			);
			defaultConfigurationIsVisible = 0;
			defaultConfigurationName = Release;
		};
/* End XCConfigurationList section */
	};
	rootObject = 18A37B7A27243F3500945A83 /* Project object */;
}
