// !$*UTF8*$!
{
	archiveVersion = 1;
	classes = {
	};
	objectVersion = 50;
	objects = {

/* Begin PBXBuildFile section */
		AE0586E127213DA9005A984C /* AppDelegate.swift in Sources */ = {isa = PBXBuildFile; fileRef = AE0586E027213DA9005A984C /* AppDelegate.swift */; };
		AE0586E327213DA9005A984C /* SceneDelegate.swift in Sources */ = {isa = PBXBuildFile; fileRef = AE0586E227213DA9005A984C /* SceneDelegate.swift */; };
		AE0586E527213DA9005A984C /* ViewController.swift in Sources */ = {isa = PBXBuildFile; fileRef = AE0586E427213DA9005A984C /* ViewController.swift */; };
		AE0586E827213DA9005A984C /* Main.storyboard in Resources */ = {isa = PBXBuildFile; fileRef = AE0586E627213DA9005A984C /* Main.storyboard */; };
		AE0586EA27213DAA005A984C /* Assets.xcassets in Resources */ = {isa = PBXBuildFile; fileRef = AE0586E927213DAA005A984C /* Assets.xcassets */; };
		AE0586ED27213DAA005A984C /* LaunchScreen.storyboard in Resources */ = {isa = PBXBuildFile; fileRef = AE0586EB27213DAA005A984C /* LaunchScreen.storyboard */; };
		AE0586F527215553005A984C /* ArrayQuestions.swift in Sources */ = {isa = PBXBuildFile; fileRef = AE0586F427215553005A984C /* ArrayQuestions.swift */; };
		AE515E942723510C005DEF9D /* clap.wav in Resources */ = {isa = PBXBuildFile; fileRef = AE515E932723510C005DEF9D /* clap.wav */; };
		AE96A7FD2723040200E93CC3 /* QuestionVariabel.swift in Sources */ = {isa = PBXBuildFile; fileRef = AE96A7FC2723040200E93CC3 /* QuestionVariabel.swift */; };
/* End PBXBuildFile section */

/* Begin PBXFileReference section */
		AE0586DD27213DA9005A984C /* triviaMultipleChoice"Reema.Mousa".app */ = {isa = PBXFileReference; explicitFileType = wrapper.application; includeInIndex = 0; path = "triviaMultipleChoice\"Reema.Mousa\".app"; sourceTree = BUILT_PRODUCTS_DIR; };
		AE0586E027213DA9005A984C /* AppDelegate.swift */ = {isa = PBXFileReference; lastKnownFileType = sourcecode.swift; path = AppDelegate.swift; sourceTree = "<group>"; };
		AE0586E227213DA9005A984C /* SceneDelegate.swift */ = {isa = PBXFileReference; lastKnownFileType = sourcecode.swift; path = SceneDelegate.swift; sourceTree = "<group>"; };
		AE0586E427213DA9005A984C /* ViewController.swift */ = {isa = PBXFileReference; lastKnownFileType = sourcecode.swift; path = ViewController.swift; sourceTree = "<group>"; };
		AE0586E727213DA9005A984C /* Base */ = {isa = PBXFileReference; lastKnownFileType = file.storyboard; name = Base; path = Base.lproj/Main.storyboard; sourceTree = "<group>"; };
		AE0586E927213DAA005A984C /* Assets.xcassets */ = {isa = PBXFileReference; lastKnownFileType = folder.assetcatalog; path = Assets.xcassets; sourceTree = "<group>"; };
		AE0586EC27213DAA005A984C /* Base */ = {isa = PBXFileReference; lastKnownFileType = file.storyboard; name = Base; path = Base.lproj/LaunchScreen.storyboard; sourceTree = "<group>"; };
		AE0586EE27213DAA005A984C /* Info.plist */ = {isa = PBXFileReference; lastKnownFileType = text.plist.xml; path = Info.plist; sourceTree = "<group>"; };
		AE0586F427215553005A984C /* ArrayQuestions.swift */ = {isa = PBXFileReference; lastKnownFileType = sourcecode.swift; path = ArrayQuestions.swift; sourceTree = "<group>"; };
		AE515E932723510C005DEF9D /* clap.wav */ = {isa = PBXFileReference; lastKnownFileType = audio.wav; path = clap.wav; sourceTree = "<group>"; };
		AE96A7FC2723040200E93CC3 /* QuestionVariabel.swift */ = {isa = PBXFileReference; lastKnownFileType = sourcecode.swift; path = QuestionVariabel.swift; sourceTree = "<group>"; };
/* End PBXFileReference section */

/* Begin PBXFrameworksBuildPhase section */
		AE0586DA27213DA9005A984C /* Frameworks */ = {
			isa = PBXFrameworksBuildPhase;
			buildActionMask = 2147483647;
			files = (
			);
			runOnlyForDeploymentPostprocessing = 0;
		};
/* End PBXFrameworksBuildPhase section */

/* Begin PBXGroup section */
		AE0586D427213DA9005A984C = {
			isa = PBXGroup;
			children = (
				AE0586DF27213DA9005A984C /* triviaMultipleChoice"Reema.Mousa" */,
				AE0586DE27213DA9005A984C /* Products */,
			);
			sourceTree = "<group>";
		};
		AE0586DE27213DA9005A984C /* Products */ = {
			isa = PBXGroup;
			children = (
				AE0586DD27213DA9005A984C /* triviaMultipleChoice"Reema.Mousa".app */,
			);
			name = Products;
			sourceTree = "<group>";
		};
		AE0586DF27213DA9005A984C /* triviaMultipleChoice"Reema.Mousa" */ = {
			isa = PBXGroup;
			children = (
				AE0586E027213DA9005A984C /* AppDelegate.swift */,
				AE0586E227213DA9005A984C /* SceneDelegate.swift */,
				AE96A7F92722FABE00E93CC3 /* Controller */,
				AE96A7F82722FA9900E93CC3 /* View */,
				AE96A7F72722FA7B00E93CC3 /* Model */,
				AE515E932723510C005DEF9D /* clap.wav */,
				AE0586E927213DAA005A984C /* Assets.xcassets */,
				AE0586EE27213DAA005A984C /* Info.plist */,
			);
			path = "triviaMultipleChoice\"Reema.Mousa\"";
			sourceTree = "<group>";
		};
		AE96A7F72722FA7B00E93CC3 /* Model */ = {
			isa = PBXGroup;
			children = (
				AE0586F427215553005A984C /* ArrayQuestions.swift */,
				AE96A7FC2723040200E93CC3 /* QuestionVariabel.swift */,
			);
			path = Model;
			sourceTree = "<group>";
		};
		AE96A7F82722FA9900E93CC3 /* View */ = {
			isa = PBXGroup;
			children = (
				AE0586E627213DA9005A984C /* Main.storyboard */,
				AE0586EB27213DAA005A984C /* LaunchScreen.storyboard */,
			);
			path = View;
			sourceTree = "<group>";
		};
		AE96A7F92722FABE00E93CC3 /* Controller */ = {
			isa = PBXGroup;
			children = (
				AE0586E427213DA9005A984C /* ViewController.swift */,
			);
			path = Controller;
			sourceTree = "<group>";
		};
/* End PBXGroup section */

/* Begin PBXNativeTarget section */
		AE0586DC27213DA9005A984C /* triviaMultipleChoice"Reema.Mousa" */ = {
			isa = PBXNativeTarget;
			buildConfigurationList = AE0586F127213DAA005A984C /* Build configuration list for PBXNativeTarget "triviaMultipleChoice"Reema.Mousa"" */;
			buildPhases = (
				AE0586D927213DA9005A984C /* Sources */,
				AE0586DA27213DA9005A984C /* Frameworks */,
				AE0586DB27213DA9005A984C /* Resources */,
			);
			buildRules = (
			);
			dependencies = (
			);
			name = "triviaMultipleChoice\"Reema.Mousa\"";
			productName = "triviaMultipleChoice\"Reema.Mousa\"";
			productReference = AE0586DD27213DA9005A984C /* triviaMultipleChoice"Reema.Mousa".app */;
			productType = "com.apple.product-type.application";
		};
/* End PBXNativeTarget section */

/* Begin PBXProject section */
		AE0586D527213DA9005A984C /* Project object */ = {
			isa = PBXProject;
			attributes = {
				LastSwiftUpdateCheck = 1250;
				LastUpgradeCheck = 1250;
				TargetAttributes = {
					AE0586DC27213DA9005A984C = {
						CreatedOnToolsVersion = 12.5;
					};
				};
			};
			buildConfigurationList = AE0586D827213DA9005A984C /* Build configuration list for PBXProject "triviaMultipleChoice"Reema.Mousa"" */;
			compatibilityVersion = "Xcode 9.3";
			developmentRegion = en;
			hasScannedForEncodings = 0;
			knownRegions = (
				en,
				Base,
			);
			mainGroup = AE0586D427213DA9005A984C;
			productRefGroup = AE0586DE27213DA9005A984C /* Products */;
			projectDirPath = "";
			projectRoot = "";
			targets = (
				AE0586DC27213DA9005A984C /* triviaMultipleChoice"Reema.Mousa" */,
			);
		};
/* End PBXProject section */

/* Begin PBXResourcesBuildPhase section */
		AE0586DB27213DA9005A984C /* Resources */ = {
			isa = PBXResourcesBuildPhase;
			buildActionMask = 2147483647;
			files = (
				AE515E942723510C005DEF9D /* clap.wav in Resources */,
				AE0586ED27213DAA005A984C /* LaunchScreen.storyboard in Resources */,
				AE0586EA27213DAA005A984C /* Assets.xcassets in Resources */,
				AE0586E827213DA9005A984C /* Main.storyboard in Resources */,
			);
			runOnlyForDeploymentPostprocessing = 0;
		};
/* End PBXResourcesBuildPhase section */

/* Begin PBXSourcesBuildPhase section */
		AE0586D927213DA9005A984C /* Sources */ = {
			isa = PBXSourcesBuildPhase;
			buildActionMask = 2147483647;
			files = (
				AE0586E527213DA9005A984C /* ViewController.swift in Sources */,
				AE0586F527215553005A984C /* ArrayQuestions.swift in Sources */,
				AE0586E127213DA9005A984C /* AppDelegate.swift in Sources */,
				AE0586E327213DA9005A984C /* SceneDelegate.swift in Sources */,
				AE96A7FD2723040200E93CC3 /* QuestionVariabel.swift in Sources */,
			);
			runOnlyForDeploymentPostprocessing = 0;
		};
/* End PBXSourcesBuildPhase section */

/* Begin PBXVariantGroup section */
		AE0586E627213DA9005A984C /* Main.storyboard */ = {
			isa = PBXVariantGroup;
			children = (
				AE0586E727213DA9005A984C /* Base */,
			);
			name = Main.storyboard;
			sourceTree = "<group>";
		};
		AE0586EB27213DAA005A984C /* LaunchScreen.storyboard */ = {
			isa = PBXVariantGroup;
			children = (
				AE0586EC27213DAA005A984C /* Base */,
			);
			name = LaunchScreen.storyboard;
			sourceTree = "<group>";
		};
/* End PBXVariantGroup section */

/* Begin XCBuildConfiguration section */
		AE0586EF27213DAA005A984C /* Debug */ = {
			isa = XCBuildConfiguration;
			buildSettings = {
				ALWAYS_SEARCH_USER_PATHS = NO;
				CLANG_ANALYZER_NONNULL = YES;
				CLANG_ANALYZER_NUMBER_OBJECT_CONVERSION = YES_AGGRESSIVE;
				CLANG_CXX_LANGUAGE_STANDARD = "gnu++14";
				CLANG_CXX_LIBRARY = "libc++";
				CLANG_ENABLE_MODULES = YES;
				CLANG_ENABLE_OBJC_ARC = YES;
				CLANG_ENABLE_OBJC_WEAK = YES;
				CLANG_WARN_BLOCK_CAPTURE_AUTORELEASING = YES;
				CLANG_WARN_BOOL_CONVERSION = YES;
				CLANG_WARN_COMMA = YES;
				CLANG_WARN_CONSTANT_CONVERSION = YES;
				CLANG_WARN_DEPRECATED_OBJC_IMPLEMENTATIONS = YES;
				CLANG_WARN_DIRECT_OBJC_ISA_USAGE = YES_ERROR;
				CLANG_WARN_DOCUMENTATION_COMMENTS = YES;
				CLANG_WARN_EMPTY_BODY = YES;
				CLANG_WARN_ENUM_CONVERSION = YES;
				CLANG_WARN_INFINITE_RECURSION = YES;
				CLANG_WARN_INT_CONVERSION = YES;
				CLANG_WARN_NON_LITERAL_NULL_CONVERSION = YES;
				CLANG_WARN_OBJC_IMPLICIT_RETAIN_SELF = YES;
				CLANG_WARN_OBJC_LITERAL_CONVERSION = YES;
				CLANG_WARN_OBJC_ROOT_CLASS = YES_ERROR;
				CLANG_WARN_QUOTED_INCLUDE_IN_FRAMEWORK_HEADER = YES;
				CLANG_WARN_RANGE_LOOP_ANALYSIS = YES;
				CLANG_WARN_STRICT_PROTOTYPES = YES;
				CLANG_WARN_SUSPICIOUS_MOVE = YES;
				CLANG_WARN_UNGUARDED_AVAILABILITY = YES_AGGRESSIVE;
				CLANG_WARN_UNREACHABLE_CODE = YES;
				CLANG_WARN__DUPLICATE_METHOD_MATCH = YES;
				COPY_PHASE_STRIP = NO;
				DEBUG_INFORMATION_FORMAT = dwarf;
				ENABLE_STRICT_OBJC_MSGSEND = YES;
				ENABLE_TESTABILITY = YES;
				GCC_C_LANGUAGE_STANDARD = gnu11;
				GCC_DYNAMIC_NO_PIC = NO;
				GCC_NO_COMMON_BLOCKS = YES;
				GCC_OPTIMIZATION_LEVEL = 0;
				GCC_PREPROCESSOR_DEFINITIONS = (
					"DEBUG=1",
					"$(inherited)",
				);
				GCC_WARN_64_TO_32_BIT_CONVERSION = YES;
				GCC_WARN_ABOUT_RETURN_TYPE = YES_ERROR;
				GCC_WARN_UNDECLARED_SELECTOR = YES;
				GCC_WARN_UNINITIALIZED_AUTOS = YES_AGGRESSIVE;
				GCC_WARN_UNUSED_FUNCTION = YES;
				GCC_WARN_UNUSED_VARIABLE = YES;
				IPHONEOS_DEPLOYMENT_TARGET = 14.5;
				MTL_ENABLE_DEBUG_INFO = INCLUDE_SOURCE;
				MTL_FAST_MATH = YES;
				ONLY_ACTIVE_ARCH = YES;
				SDKROOT = iphoneos;
				SWIFT_ACTIVE_COMPILATION_CONDITIONS = DEBUG;
				SWIFT_OPTIMIZATION_LEVEL = "-Onone";
			};
			name = Debug;
		};
		AE0586F027213DAA005A984C /* Release */ = {
			isa = XCBuildConfiguration;
			buildSettings = {
				ALWAYS_SEARCH_USER_PATHS = NO;
				CLANG_ANALYZER_NONNULL = YES;
				CLANG_ANALYZER_NUMBER_OBJECT_CONVERSION = YES_AGGRESSIVE;
				CLANG_CXX_LANGUAGE_STANDARD = "gnu++14";
				CLANG_CXX_LIBRARY = "libc++";
				CLANG_ENABLE_MODULES = YES;
				CLANG_ENABLE_OBJC_ARC = YES;
				CLANG_ENABLE_OBJC_WEAK = YES;
				CLANG_WARN_BLOCK_CAPTURE_AUTORELEASING = YES;
				CLANG_WARN_BOOL_CONVERSION = YES;
				CLANG_WARN_COMMA = YES;
				CLANG_WARN_CONSTANT_CONVERSION = YES;
				CLANG_WARN_DEPRECATED_OBJC_IMPLEMENTATIONS = YES;
				CLANG_WARN_DIRECT_OBJC_ISA_USAGE = YES_ERROR;
				CLANG_WARN_DOCUMENTATION_COMMENTS = YES;
				CLANG_WARN_EMPTY_BODY = YES;
				CLANG_WARN_ENUM_CONVERSION = YES;
				CLANG_WARN_INFINITE_RECURSION = YES;
				CLANG_WARN_INT_CONVERSION = YES;
				CLANG_WARN_NON_LITERAL_NULL_CONVERSION = YES;
				CLANG_WARN_OBJC_IMPLICIT_RETAIN_SELF = YES;
				CLANG_WARN_OBJC_LITERAL_CONVERSION = YES;
				CLANG_WARN_OBJC_ROOT_CLASS = YES_ERROR;
				CLANG_WARN_QUOTED_INCLUDE_IN_FRAMEWORK_HEADER = YES;
				CLANG_WARN_RANGE_LOOP_ANALYSIS = YES;
				CLANG_WARN_STRICT_PROTOTYPES = YES;
				CLANG_WARN_SUSPICIOUS_MOVE = YES;
				CLANG_WARN_UNGUARDED_AVAILABILITY = YES_AGGRESSIVE;
				CLANG_WARN_UNREACHABLE_CODE = YES;
				CLANG_WARN__DUPLICATE_METHOD_MATCH = YES;
				COPY_PHASE_STRIP = NO;
				DEBUG_INFORMATION_FORMAT = "dwarf-with-dsym";
				ENABLE_NS_ASSERTIONS = NO;
				ENABLE_STRICT_OBJC_MSGSEND = YES;
				GCC_C_LANGUAGE_STANDARD = gnu11;
				GCC_NO_COMMON_BLOCKS = YES;
				GCC_WARN_64_TO_32_BIT_CONVERSION = YES;
				GCC_WARN_ABOUT_RETURN_TYPE = YES_ERROR;
				GCC_WARN_UNDECLARED_SELECTOR = YES;
				GCC_WARN_UNINITIALIZED_AUTOS = YES_AGGRESSIVE;
				GCC_WARN_UNUSED_FUNCTION = YES;
				GCC_WARN_UNUSED_VARIABLE = YES;
				IPHONEOS_DEPLOYMENT_TARGET = 14.5;
				MTL_ENABLE_DEBUG_INFO = NO;
				MTL_FAST_MATH = YES;
				SDKROOT = iphoneos;
				SWIFT_COMPILATION_MODE = wholemodule;
				SWIFT_OPTIMIZATION_LEVEL = "-O";
				VALIDATE_PRODUCT = YES;
			};
			name = Release;
		};
		AE0586F227213DAA005A984C /* Debug */ = {
			isa = XCBuildConfiguration;
			buildSettings = {
				ASSETCATALOG_COMPILER_APPICON_NAME = AppIcon;
				ASSETCATALOG_COMPILER_GLOBAL_ACCENT_COLOR_NAME = AccentColor;
				CODE_SIGN_STYLE = Automatic;
				DEVELOPMENT_TEAM = AQQ2YBW9F8;
				INFOPLIST_FILE = "triviaMultipleChoice\"Reema.Mousa\"/Info.plist";
				LD_RUNPATH_SEARCH_PATHS = (
					"$(inherited)",
					"@executable_path/Frameworks",
				);
				PRODUCT_BUNDLE_IDENTIFIER = "reema.com.triviaMultipleChoice-Reema-Mousa-";
				PRODUCT_NAME = "$(TARGET_NAME)";
				SWIFT_VERSION = 5.0;
				TARGETED_DEVICE_FAMILY = "1,2";
			};
			name = Debug;
		};
		AE0586F327213DAA005A984C /* Release */ = {
			isa = XCBuildConfiguration;
			buildSettings = {
				ASSETCATALOG_COMPILER_APPICON_NAME = AppIcon;
				ASSETCATALOG_COMPILER_GLOBAL_ACCENT_COLOR_NAME = AccentColor;
				CODE_SIGN_STYLE = Automatic;
				DEVELOPMENT_TEAM = AQQ2YBW9F8;
				INFOPLIST_FILE = "triviaMultipleChoice\"Reema.Mousa\"/Info.plist";
				LD_RUNPATH_SEARCH_PATHS = (
					"$(inherited)",
					"@executable_path/Frameworks",
				);
				PRODUCT_BUNDLE_IDENTIFIER = "reema.com.triviaMultipleChoice-Reema-Mousa-";
				PRODUCT_NAME = "$(TARGET_NAME)";
				SWIFT_VERSION = 5.0;
				TARGETED_DEVICE_FAMILY = "1,2";
			};
			name = Release;
		};
/* End XCBuildConfiguration section */

/* Begin XCConfigurationList section */
		AE0586D827213DA9005A984C /* Build configuration list for PBXProject "triviaMultipleChoice"Reema.Mousa"" */ = {
			isa = XCConfigurationList;
			buildConfigurations = (
				AE0586EF27213DAA005A984C /* Debug */,
				AE0586F027213DAA005A984C /* Release */,
			);
			defaultConfigurationIsVisible = 0;
			defaultConfigurationName = Release;
		};
		AE0586F127213DAA005A984C /* Build configuration list for PBXNativeTarget "triviaMultipleChoice"Reema.Mousa"" */ = {
			isa = XCConfigurationList;
			buildConfigurations = (
				AE0586F227213DAA005A984C /* Debug */,
				AE0586F327213DAA005A984C /* Release */,
			);
			defaultConfigurationIsVisible = 0;
			defaultConfigurationName = Release;
		};
/* End XCConfigurationList section */
	};
	rootObject = AE0586D527213DA9005A984C /* Project object */;
}
